<?xml version="1.0" encoding="utf-8"?>
<Project ToolsVersion="4.0" xmlns="http://schemas.microsoft.com/developer/msbuild/2003">
  <ItemGroup>
    <Filter Include="Source Files">
      <UniqueIdentifier>{4FC737F1-C7A5-4376-A066-2A32D752A2FF}</UniqueIdentifier>
      <Extensions>cpp;c;cxx;def;odl;idl;hpj;bat;asm;asmx</Extensions>
    </Filter>
    <Filter Include="Header Files">
      <UniqueIdentifier>{93995380-89BD-4b04-88EB-625FBE52EBFB}</UniqueIdentifier>
      <Extensions>h;hpp;hxx;hm;inl;inc;xsd</Extensions>
    </Filter>
    <Filter Include="Resource Files">
      <UniqueIdentifier>{67DA6AB6-F800-4c08-8B7A-83BB121AAD01}</UniqueIdentifier>
      <Extensions>rc;ico;cur;bmp;dlg;rc2;rct;bin;rgs;gif;jpg;jpeg;jpe;resx</Extensions>
    </Filter>
  </ItemGroup>
  <ItemGroup>
    <ClCompile Include="AO.cpp">
      <Filter>Source Files</Filter>
    </ClCompile>
    <ClCompile Include="AO_TimeStamp_RTInterp.cpp">
      <Filter>Source Files</Filter>
    </ClCompile>
    <ClCompile Include="AOAI_TimeStamp_RTInterp.cpp">
      <Filter>Source Files</Filter>
    </ClCompile>
    <ClCompile Include="AOAIContDIStamp.cpp">
      <Filter>Source Files</Filter>
    </ClCompile>
    <ClCompile Include="AOContAISimul.cpp">
      <Filter>Source Files</Filter>
    </ClCompile>
    <ClCompile Include="AOContDITimeStamp.cpp">
      <Filter>Source Files</Filter>
    </ClCompile>
    <ClCompile Include="AOContDITimeStamp_CurrentVersion.cpp">
      <Filter>Source Files</Filter>
    </ClCompile>
    <ClCompile Include="AOContDITimeStamp_Int16.cpp">
      <Filter>Source Files</Filter>
    </ClCompile>
    <ClCompile Include="AOContDITimeStamp_v2.cpp">
      <Filter>Source Files</Filter>
    </ClCompile>
    <ClCompile Include="AORep.cpp">
      <Filter>Source Files</Filter>
    </ClCompile>
    <ClCompile Include="AORepAISimul.cpp">
      <Filter>Source Files</Filter>
    </ClCompile>
    <ClCompile Include="ArrayIndexRelocate.cpp">
      <Filter>Source Files</Filter>
    </ClCompile>
    <ClCompile Include="CorrNoiseHexgrid_v2.cpp">
      <Filter>Source Files</Filter>
    </ClCompile>
    <ClCompile Include="DOContDITimeStamp.cpp">
      <Filter>Source Files</Filter>
    </ClCompile>
    <ClCompile Include="DynamicRandGen.cpp">
      <Filter>Source Files</Filter>
    </ClCompile>
    <ClCompile Include="FileCtrl.cpp">
      <Filter>Source Files</Filter>
    </ClCompile>
    <ClCompile Include="Interpolation2.cpp">
      <Filter>Source Files</Filter>
    </ClCompile>
    <ClCompile Include="Menu.cpp">
      <Filter>Source Files</Filter>
    </ClCompile>
    <ClCompile Include="MenuReturnValues.cpp">
      <Filter>Source Files</Filter>
    </ClCompile>
    <ClCompile Include="PhysDataAcq_FlickerMotion.cpp">
      <Filter>Source Files</Filter>
    </ClCompile>
    <ClCompile Include="PPP+AN.cpp">
      <Filter>Source Files</Filter>
    </ClCompile>
    <ClCompile Include="Calibration.cpp">
      <Filter>Source Files</Filter>
    </ClCompile>
  </ItemGroup>
  <ItemGroup>
    <ClInclude Include="AO.h">
      <Filter>Header Files</Filter>
    </ClInclude>
    <ClInclude Include="AO_TimeStamp_RTInterp.h">
      <Filter>Header Files</Filter>
    </ClInclude>
    <ClInclude Include="AOAIContDIStamp.h">
      <Filter>Header Files</Filter>
    </ClInclude>
    <ClInclude Include="AOContAISimul.h">
      <Filter>Header Files</Filter>
    </ClInclude>
    <ClInclude Include="AOContDITimeStamp.h">
      <Filter>Header Files</Filter>
    </ClInclude>
    <ClInclude Include="AOContDITimeStamp_Int16.h">
      <Filter>Header Files</Filter>
    </ClInclude>
    <ClInclude Include="AORep.h">
      <Filter>Header Files</Filter>
    </ClInclude>
    <ClInclude Include="AORepAISimul.h">
      <Filter>Header Files</Filter>
    </ClInclude>
    <ClInclude Include="ArrayIndexRelocate.h">
      <Filter>Header Files</Filter>
    </ClInclude>
    <ClInclude Include="CorrelatedNoise.h">
      <Filter>Header Files</Filter>
    </ClInclude>
    <ClInclude Include="DOContDITimeStamp.h">
      <Filter>Header Files</Filter>
    </ClInclude>
    <ClInclude Include="FileCtrl.h">
      <Filter>Header Files</Filter>
    </ClInclude>
    <ClInclude Include="Interpolation2.h">
      <Filter>Header Files</Filter>
    </ClInclude>
    <ClInclude Include="Menu.h">
      <Filter>Header Files</Filter>
    </ClInclude>
    <ClInclude Include="MenuReturnValues.h">
      <Filter>Header Files</Filter>
    </ClInclude>
    <ClInclude Include="DynamicRandGen.h">
      <Filter>Header Files</Filter>
    </ClInclude>
    <ClInclude Include="PPP+AN.h">
      <Filter>Header Files</Filter>
    </ClInclude>
    <ClInclude Include="nisyscfg.h">
      <Filter>Header Files</Filter>
    </ClInclude>
    <ClInclude Include="nisyscfg_errors.h">
      <Filter>Header Files</Filter>
    </ClInclude>
    <ClInclude Include="nisyscfg_pxi.h">
      <Filter>Header Files</Filter>
    </ClInclude>
    <ClInclude Include="nisyscfg_wide.h">
      <Filter>Header Files</Filter>
    </ClInclude>
    <ClInclude Include="niSysMon.h">
      <Filter>Header Files</Filter>
    </ClInclude>
    <ClInclude Include="NIDAQmx.h">
      <Filter>Header Files</Filter>
    </ClInclude>
  </ItemGroup>
  <ItemGroup>
    <CustomBuild Include="AOAI_TimeStamp_RTInterp.h">
      <Filter>Header Files</Filter>
    </CustomBuild>
  </ItemGroup>
  <ItemGroup>
    <Library Include="nisyscfg.lib">
      <Filter>Resource Files</Filter>
    </Library>
    <Library Include="NIDAQmx.lib">
      <Filter>Resource Files</Filter>
    </Library>
  </ItemGroup>
  <ItemGroup>
    <None Include="NIDAQmxErrorCheck.bas">
      <Filter>Source Files</Filter>
    </None>
  </ItemGroup>
</Project>